
Microsoft Visual Studio Solution File, Format Version 12.00
# Visual Studio Version 16
VisualStudioVersion = 16.0.30611.23
MinimumVisualStudioVersion = 10.0.40219.1
Project("{FAE04EC0-301F-11D3-BF4B-00C04F79EFBC}") = "ClientProxy-P4-20180140067-Form", "ClientProxy-P4-20180140067-Form.csproj", "{DA30BB7E-1D6D-4BE0-AC12-F226F702FA33}"
EndProject
Global
	GlobalSection(SolutionConfigurationPlatforms) = preSolution
		Debug|Any CPU = Debug|Any CPU
		Release|Any CPU = Release|Any CPU
	EndGlobalSection
	GlobalSection(ProjectConfigurationPlatforms) = postSolution
		{DA30BB7E-1D6D-4BE0-AC12-F226F702FA33}.Debug|Any CPU.ActiveCfg = Debug|Any CPU
		{DA30BB7E-1D6D-4BE0-AC12-F226F702FA33}.Debug|Any CPU.Build.0 = Debug|Any CPU
		{DA30BB7E-1D6D-4BE0-AC12-F226F702FA33}.Release|Any CPU.ActiveCfg = Release|Any CPU
		{DA30BB7E-1D6D-4BE0-AC12-F226F702FA33}.Release|Any CPU.Build.0 = Release|Any CPU
	EndGlobalSection
	GlobalSection(SolutionProperties) = preSolution
		HideSolutionNode = FALSE
	EndGlobalSection
	GlobalSection(ExtensibilityGlobals) = postSolution
		SolutionGuid = {B34B7EAA-EFA6-4525-864E-12BF0716D442}
	EndGlobalSection
EndGlobal
